
Microsoft Visual Studio Solution File, Format Version 12.00
# Visual Studio Version 17
VisualStudioVersion = 17.8.34322.80
MinimumVisualStudioVersion = 10.0.40219.1
Project("{9A19103F-16F7-4668-BE54-9A1E7A4F7556}") = "LibraryWebManagement", "LibraryWebManagement\LibraryWebManagement.csproj", "{CCA824B9-F072-4042-9DD1-9EDB307C8B1A}"
EndProject
Project("{9A19103F-16F7-4668-BE54-9A1E7A4F7556}") = "DAL", "DAL\DAL.csproj", "{DAE52417-048B-425D-99A6-94E50B6A043C}"
EndProject
Project("{9A19103F-16F7-4668-BE54-9A1E7A4F7556}") = "BLL", "BLL\BLL.csproj", "{F56AB395-687F-4F4F-8540-661DEE4FA039}"
EndProject
Project("{9A19103F-16F7-4668-BE54-9A1E7A4F7556}") = "Models", "Models\Models.csproj", "{123655C3-5959-437E-B63B-BFA53C90E7AE}"
EndProject
Project("{FAE04EC0-301F-11D3-BF4B-00C04F79EFBC}") = "AdminApp", "AdminApp\AdminApp.csproj", "{C557E5AE-3B0B-4FF4-A3BD-1DC6615B8306}"
EndProject
Global
	GlobalSection(SolutionConfigurationPlatforms) = preSolution
		Debug|Any CPU = Debug|Any CPU
		Release|Any CPU = Release|Any CPU
	EndGlobalSection
	GlobalSection(ProjectConfigurationPlatforms) = postSolution
		{CCA824B9-F072-4042-9DD1-9EDB307C8B1A}.Debug|Any CPU.ActiveCfg = Debug|Any CPU
		{CCA824B9-F072-4042-9DD1-9EDB307C8B1A}.Debug|Any CPU.Build.0 = Debug|Any CPU
		{CCA824B9-F072-4042-9DD1-9EDB307C8B1A}.Release|Any CPU.ActiveCfg = Release|Any CPU
		{CCA824B9-F072-4042-9DD1-9EDB307C8B1A}.Release|Any CPU.Build.0 = Release|Any CPU
		{DAE52417-048B-425D-99A6-94E50B6A043C}.Debug|Any CPU.ActiveCfg = Debug|Any CPU
		{DAE52417-048B-425D-99A6-94E50B6A043C}.Debug|Any CPU.Build.0 = Debug|Any CPU
		{DAE52417-048B-425D-99A6-94E50B6A043C}.Release|Any CPU.ActiveCfg = Release|Any CPU
		{DAE52417-048B-425D-99A6-94E50B6A043C}.Release|Any CPU.Build.0 = Release|Any CPU
		{F56AB395-687F-4F4F-8540-661DEE4FA039}.Debug|Any CPU.ActiveCfg = Debug|Any CPU
		{F56AB395-687F-4F4F-8540-661DEE4FA039}.Debug|Any CPU.Build.0 = Debug|Any CPU
		{F56AB395-687F-4F4F-8540-661DEE4FA039}.Release|Any CPU.ActiveCfg = Release|Any CPU
		{F56AB395-687F-4F4F-8540-661DEE4FA039}.Release|Any CPU.Build.0 = Release|Any CPU
		{123655C3-5959-437E-B63B-BFA53C90E7AE}.Debug|Any CPU.ActiveCfg = Debug|Any CPU
		{123655C3-5959-437E-B63B-BFA53C90E7AE}.Debug|Any CPU.Build.0 = Debug|Any CPU
		{123655C3-5959-437E-B63B-BFA53C90E7AE}.Release|Any CPU.ActiveCfg = Release|Any CPU
		{123655C3-5959-437E-B63B-BFA53C90E7AE}.Release|Any CPU.Build.0 = Release|Any CPU
		{C557E5AE-3B0B-4FF4-A3BD-1DC6615B8306}.Debug|Any CPU.ActiveCfg = Debug|Any CPU
		{C557E5AE-3B0B-4FF4-A3BD-1DC6615B8306}.Debug|Any CPU.Build.0 = Debug|Any CPU
		{C557E5AE-3B0B-4FF4-A3BD-1DC6615B8306}.Release|Any CPU.ActiveCfg = Release|Any CPU
		{C557E5AE-3B0B-4FF4-A3BD-1DC6615B8306}.Release|Any CPU.Build.0 = Release|Any CPU
	EndGlobalSection
	GlobalSection(SolutionProperties) = preSolution
		HideSolutionNode = FALSE
	EndGlobalSection
	GlobalSection(ExtensibilityGlobals) = postSolution
		SolutionGuid = {3D1FF95A-6331-4D35-96AC-5F8054140974}
	EndGlobalSection
EndGlobal
